// !$*UTF8*$!
{
	archiveVersion = 1;
	classes = {
	};
	objectVersion = 50;
	objects = {

/* Begin PBXBuildFile section */
		490D5AEC24A546420061C2D7 /* getDate.swift in Sources */ = {isa = PBXBuildFile; fileRef = 490D5AEB24A546420061C2D7 /* getDate.swift */; };
		490D5AED24A550830061C2D7 /* ViewController.swift in Sources */ = {isa = PBXBuildFile; fileRef = 49EFBB3924A2AA8B00D17FD2 /* ViewController.swift */; };
		497434C724B521D700954D3D /* workNotification.swift in Sources */ = {isa = PBXBuildFile; fileRef = 497434C624B521D700954D3D /* workNotification.swift */; };
		497434C924B5243B00954D3D /* restNotification.swift in Sources */ = {isa = PBXBuildFile; fileRef = 497434C824B5243B00954D3D /* restNotification.swift */; };
		49EFBB3624A2AA8B00D17FD2 /* AppDelegate.swift in Sources */ = {isa = PBXBuildFile; fileRef = 49EFBB3524A2AA8B00D17FD2 /* AppDelegate.swift */; };
		49EFBB3824A2AA8B00D17FD2 /* SceneDelegate.swift in Sources */ = {isa = PBXBuildFile; fileRef = 49EFBB3724A2AA8B00D17FD2 /* SceneDelegate.swift */; };
		49EFBB3D24A2AA8B00D17FD2 /* Main.storyboard in Resources */ = {isa = PBXBuildFile; fileRef = 49EFBB3B24A2AA8B00D17FD2 /* Main.storyboard */; };
		49EFBB3F24A2AA8D00D17FD2 /* Assets.xcassets in Resources */ = {isa = PBXBuildFile; fileRef = 49EFBB3E24A2AA8D00D17FD2 /* Assets.xcassets */; };
		49EFBB4224A2AA8D00D17FD2 /* LaunchScreen.storyboard in Resources */ = {isa = PBXBuildFile; fileRef = 49EFBB4024A2AA8D00D17FD2 /* LaunchScreen.storyboard */; };
		49F4BA0124AEA31000C3C643 /* generalConfig.swift in Sources */ = {isa = PBXBuildFile; fileRef = 49F4B9FF24AE9DD600C3C643 /* generalConfig.swift */; };
/* End PBXBuildFile section */

/* Begin PBXFileReference section */
		490D5AEB24A546420061C2D7 /* getDate.swift */ = {isa = PBXFileReference; lastKnownFileType = sourcecode.swift; path = getDate.swift; sourceTree = "<group>"; };
		497434C624B521D700954D3D /* workNotification.swift */ = {isa = PBXFileReference; lastKnownFileType = sourcecode.swift; path = workNotification.swift; sourceTree = "<group>"; };
		497434C824B5243B00954D3D /* restNotification.swift */ = {isa = PBXFileReference; lastKnownFileType = sourcecode.swift; path = restNotification.swift; sourceTree = "<group>"; };
		49EFBB3224A2AA8B00D17FD2 /* Pomodoro.app */ = {isa = PBXFileReference; explicitFileType = wrapper.application; includeInIndex = 0; path = Pomodoro.app; sourceTree = BUILT_PRODUCTS_DIR; };
		49EFBB3524A2AA8B00D17FD2 /* AppDelegate.swift */ = {isa = PBXFileReference; lastKnownFileType = sourcecode.swift; path = AppDelegate.swift; sourceTree = "<group>"; };
		49EFBB3724A2AA8B00D17FD2 /* SceneDelegate.swift */ = {isa = PBXFileReference; lastKnownFileType = sourcecode.swift; path = SceneDelegate.swift; sourceTree = "<group>"; };
		49EFBB3924A2AA8B00D17FD2 /* ViewController.swift */ = {isa = PBXFileReference; lastKnownFileType = sourcecode.swift; path = ViewController.swift; sourceTree = "<group>"; };
		49EFBB3C24A2AA8B00D17FD2 /* Base */ = {isa = PBXFileReference; lastKnownFileType = file.storyboard; name = Base; path = Base.lproj/Main.storyboard; sourceTree = "<group>"; };
		49EFBB3E24A2AA8D00D17FD2 /* Assets.xcassets */ = {isa = PBXFileReference; lastKnownFileType = folder.assetcatalog; path = Assets.xcassets; sourceTree = "<group>"; };
		49EFBB4124A2AA8D00D17FD2 /* Base */ = {isa = PBXFileReference; lastKnownFileType = file.storyboard; name = Base; path = Base.lproj/LaunchScreen.storyboard; sourceTree = "<group>"; };
		49EFBB4324A2AA8D00D17FD2 /* Info.plist */ = {isa = PBXFileReference; lastKnownFileType = text.plist.xml; path = Info.plist; sourceTree = "<group>"; };
		49F4B9FF24AE9DD600C3C643 /* generalConfig.swift */ = {isa = PBXFileReference; lastKnownFileType = sourcecode.swift; path = generalConfig.swift; sourceTree = "<group>"; };
/* End PBXFileReference section */

/* Begin PBXFrameworksBuildPhase section */
		49EFBB2F24A2AA8B00D17FD2 /* Frameworks */ = {
			isa = PBXFrameworksBuildPhase;
			buildActionMask = 2147483647;
			files = (
			);
			runOnlyForDeploymentPostprocessing = 0;
		};
/* End PBXFrameworksBuildPhase section */

/* Begin PBXGroup section */
		490D5AEA24A546210061C2D7 /* getLabels */ = {
			isa = PBXGroup;
			children = (
				490D5AEB24A546420061C2D7 /* getDate.swift */,
			);
			path = getLabels;
			sourceTree = "<group>";
		};
		49EFBB2924A2AA8B00D17FD2 = {
			isa = PBXGroup;
			children = (
				49EFBB3424A2AA8B00D17FD2 /* Pomodoro */,
				49EFBB3324A2AA8B00D17FD2 /* Products */,
			);
			sourceTree = "<group>";
		};
		49EFBB3324A2AA8B00D17FD2 /* Products */ = {
			isa = PBXGroup;
			children = (
				49EFBB3224A2AA8B00D17FD2 /* Pomodoro.app */,
			);
			name = Products;
			sourceTree = "<group>";
		};
		49EFBB3424A2AA8B00D17FD2 /* Pomodoro */ = {
			isa = PBXGroup;
			children = (
				49F4B9FE24AE9D8200C3C643 /* notifications */,
				490D5AEA24A546210061C2D7 /* getLabels */,
				49EFBB3524A2AA8B00D17FD2 /* AppDelegate.swift */,
				49EFBB3724A2AA8B00D17FD2 /* SceneDelegate.swift */,
				49EFBB3924A2AA8B00D17FD2 /* ViewController.swift */,
				49EFBB3B24A2AA8B00D17FD2 /* Main.storyboard */,
				49EFBB3E24A2AA8D00D17FD2 /* Assets.xcassets */,
				49EFBB4024A2AA8D00D17FD2 /* LaunchScreen.storyboard */,
				49EFBB4324A2AA8D00D17FD2 /* Info.plist */,
			);
			path = Pomodoro;
			sourceTree = "<group>";
		};
		49F4B9FE24AE9D8200C3C643 /* notifications */ = {
			isa = PBXGroup;
			children = (
				49F4B9FF24AE9DD600C3C643 /* generalConfig.swift */,
				497434C624B521D700954D3D /* workNotification.swift */,
				497434C824B5243B00954D3D /* restNotification.swift */,
			);
			path = notifications;
			sourceTree = "<group>";
		};
/* End PBXGroup section */

/* Begin PBXNativeTarget section */
		49EFBB3124A2AA8B00D17FD2 /* Pomodoro */ = {
			isa = PBXNativeTarget;
			buildConfigurationList = 49EFBB4624A2AA8D00D17FD2 /* Build configuration list for PBXNativeTarget "Pomodoro" */;
			buildPhases = (
				49EFBB2E24A2AA8B00D17FD2 /* Sources */,
				49EFBB2F24A2AA8B00D17FD2 /* Frameworks */,
				49EFBB3024A2AA8B00D17FD2 /* Resources */,
			);
			buildRules = (
			);
			dependencies = (
			);
			name = Pomodoro;
			productName = Pomodoro;
			productReference = 49EFBB3224A2AA8B00D17FD2 /* Pomodoro.app */;
			productType = "com.apple.product-type.application";
		};
/* End PBXNativeTarget section */

/* Begin PBXProject section */
		49EFBB2A24A2AA8B00D17FD2 /* Project object */ = {
			isa = PBXProject;
			attributes = {
				LastSwiftUpdateCheck = 1150;
				LastUpgradeCheck = 1150;
				ORGANIZATIONNAME = "Daniel Flores";
				TargetAttributes = {
					49EFBB3124A2AA8B00D17FD2 = {
						CreatedOnToolsVersion = 11.5;
					};
				};
			};
			buildConfigurationList = 49EFBB2D24A2AA8B00D17FD2 /* Build configuration list for PBXProject "Pomodoro" */;
			compatibilityVersion = "Xcode 9.3";
			developmentRegion = en;
			hasScannedForEncodings = 0;
			knownRegions = (
				en,
				Base,
			);
			mainGroup = 49EFBB2924A2AA8B00D17FD2;
			productRefGroup = 49EFBB3324A2AA8B00D17FD2 /* Products */;
			projectDirPath = "";
			projectRoot = "";
			targets = (
				49EFBB3124A2AA8B00D17FD2 /* Pomodoro */,
			);
		};
/* End PBXProject section */

/* Begin PBXResourcesBuildPhase section */
		49EFBB3024A2AA8B00D17FD2 /* Resources */ = {
			isa = PBXResourcesBuildPhase;
			buildActionMask = 2147483647;
			files = (
				49EFBB4224A2AA8D00D17FD2 /* LaunchScreen.storyboard in Resources */,
				49EFBB3F24A2AA8D00D17FD2 /* Assets.xcassets in Resources */,
				49EFBB3D24A2AA8B00D17FD2 /* Main.storyboard in Resources */,
			);
			runOnlyForDeploymentPostprocessing = 0;
		};
/* End PBXResourcesBuildPhase section */

/* Begin PBXSourcesBuildPhase section */
		49EFBB2E24A2AA8B00D17FD2 /* Sources */ = {
			isa = PBXSourcesBuildPhase;
			buildActionMask = 2147483647;
			files = (
				49F4BA0124AEA31000C3C643 /* generalConfig.swift in Sources */,
				490D5AEC24A546420061C2D7 /* getDate.swift in Sources */,
				497434C924B5243B00954D3D /* restNotification.swift in Sources */,
				49EFBB3624A2AA8B00D17FD2 /* AppDelegate.swift in Sources */,
				490D5AED24A550830061C2D7 /* ViewController.swift in Sources */,
				49EFBB3824A2AA8B00D17FD2 /* SceneDelegate.swift in Sources */,
				497434C724B521D700954D3D /* workNotification.swift in Sources */,
			);
			runOnlyForDeploymentPostprocessing = 0;
		};
/* End PBXSourcesBuildPhase section */

/* Begin PBXVariantGroup section */
		49EFBB3B24A2AA8B00D17FD2 /* Main.storyboard */ = {
			isa = PBXVariantGroup;
			children = (
				49EFBB3C24A2AA8B00D17FD2 /* Base */,
			);
			name = Main.storyboard;
			sourceTree = "<group>";
		};
		49EFBB4024A2AA8D00D17FD2 /* LaunchScreen.storyboard */ = {
			isa = PBXVariantGroup;
			children = (
				49EFBB4124A2AA8D00D17FD2 /* Base */,
			);
			name = LaunchScreen.storyboard;
			sourceTree = "<group>";
		};
/* End PBXVariantGroup section */

/* Begin XCBuildConfiguration section */
		49EFBB4424A2AA8D00D17FD2 /* Debug */ = {
			isa = XCBuildConfiguration;
			buildSettings = {
				ALWAYS_SEARCH_USER_PATHS = NO;
				CLANG_ANALYZER_NONNULL = YES;
				CLANG_ANALYZER_NUMBER_OBJECT_CONVERSION = YES_AGGRESSIVE;
				CLANG_CXX_LANGUAGE_STANDARD = "gnu++14";
				CLANG_CXX_LIBRARY = "libc++";
				CLANG_ENABLE_MODULES = YES;
				CLANG_ENABLE_OBJC_ARC = YES;
				CLANG_ENABLE_OBJC_WEAK = YES;
				CLANG_WARN_BLOCK_CAPTURE_AUTORELEASING = YES;
				CLANG_WARN_BOOL_CONVERSION = YES;
				CLANG_WARN_COMMA = YES;
				CLANG_WARN_CONSTANT_CONVERSION = YES;
				CLANG_WARN_DEPRECATED_OBJC_IMPLEMENTATIONS = YES;
				CLANG_WARN_DIRECT_OBJC_ISA_USAGE = YES_ERROR;
				CLANG_WARN_DOCUMENTATION_COMMENTS = YES;
				CLANG_WARN_EMPTY_BODY = YES;
				CLANG_WARN_ENUM_CONVERSION = YES;
				CLANG_WARN_INFINITE_RECURSION = YES;
				CLANG_WARN_INT_CONVERSION = YES;
				CLANG_WARN_NON_LITERAL_NULL_CONVERSION = YES;
				CLANG_WARN_OBJC_IMPLICIT_RETAIN_SELF = YES;
				CLANG_WARN_OBJC_LITERAL_CONVERSION = YES;
				CLANG_WARN_OBJC_ROOT_CLASS = YES_ERROR;
				CLANG_WARN_RANGE_LOOP_ANALYSIS = YES;
				CLANG_WARN_STRICT_PROTOTYPES = YES;
				CLANG_WARN_SUSPICIOUS_MOVE = YES;
				CLANG_WARN_UNGUARDED_AVAILABILITY = YES_AGGRESSIVE;
				CLANG_WARN_UNREACHABLE_CODE = YES;
				CLANG_WARN__DUPLICATE_METHOD_MATCH = YES;
				COPY_PHASE_STRIP = NO;
				DEBUG_INFORMATION_FORMAT = dwarf;
				ENABLE_STRICT_OBJC_MSGSEND = YES;
				ENABLE_TESTABILITY = YES;
				GCC_C_LANGUAGE_STANDARD = gnu11;
				GCC_DYNAMIC_NO_PIC = NO;
				GCC_NO_COMMON_BLOCKS = YES;
				GCC_OPTIMIZATION_LEVEL = 0;
				GCC_PREPROCESSOR_DEFINITIONS = (
					"DEBUG=1",
					"$(inherited)",
				);
				GCC_WARN_64_TO_32_BIT_CONVERSION = YES;
				GCC_WARN_ABOUT_RETURN_TYPE = YES_ERROR;
				GCC_WARN_UNDECLARED_SELECTOR = YES;
				GCC_WARN_UNINITIALIZED_AUTOS = YES_AGGRESSIVE;
				GCC_WARN_UNUSED_FUNCTION = YES;
				GCC_WARN_UNUSED_VARIABLE = YES;
				IPHONEOS_DEPLOYMENT_TARGET = 13.5;
				MTL_ENABLE_DEBUG_INFO = INCLUDE_SOURCE;
				MTL_FAST_MATH = YES;
				ONLY_ACTIVE_ARCH = YES;
				SDKROOT = iphoneos;
				SWIFT_ACTIVE_COMPILATION_CONDITIONS = DEBUG;
				SWIFT_OPTIMIZATION_LEVEL = "-Onone";
			};
			name = Debug;
		};
		49EFBB4524A2AA8D00D17FD2 /* Release */ = {
			isa = XCBuildConfiguration;
			buildSettings = {
				ALWAYS_SEARCH_USER_PATHS = NO;
				CLANG_ANALYZER_NONNULL = YES;
				CLANG_ANALYZER_NUMBER_OBJECT_CONVERSION = YES_AGGRESSIVE;
				CLANG_CXX_LANGUAGE_STANDARD = "gnu++14";
				CLANG_CXX_LIBRARY = "libc++";
				CLANG_ENABLE_MODULES = YES;
				CLANG_ENABLE_OBJC_ARC = YES;
				CLANG_ENABLE_OBJC_WEAK = YES;
				CLANG_WARN_BLOCK_CAPTURE_AUTORELEASING = YES;
				CLANG_WARN_BOOL_CONVERSION = YES;
				CLANG_WARN_COMMA = YES;
				CLANG_WARN_CONSTANT_CONVERSION = YES;
				CLANG_WARN_DEPRECATED_OBJC_IMPLEMENTATIONS = YES;
				CLANG_WARN_DIRECT_OBJC_ISA_USAGE = YES_ERROR;
				CLANG_WARN_DOCUMENTATION_COMMENTS = YES;
				CLANG_WARN_EMPTY_BODY = YES;
				CLANG_WARN_ENUM_CONVERSION = YES;
				CLANG_WARN_INFINITE_RECURSION = YES;
				CLANG_WARN_INT_CONVERSION = YES;
				CLANG_WARN_NON_LITERAL_NULL_CONVERSION = YES;
				CLANG_WARN_OBJC_IMPLICIT_RETAIN_SELF = YES;
				CLANG_WARN_OBJC_LITERAL_CONVERSION = YES;
				CLANG_WARN_OBJC_ROOT_CLASS = YES_ERROR;
				CLANG_WARN_RANGE_LOOP_ANALYSIS = YES;
				CLANG_WARN_STRICT_PROTOTYPES = YES;
				CLANG_WARN_SUSPICIOUS_MOVE = YES;
				CLANG_WARN_UNGUARDED_AVAILABILITY = YES_AGGRESSIVE;
				CLANG_WARN_UNREACHABLE_CODE = YES;
				CLANG_WARN__DUPLICATE_METHOD_MATCH = YES;
				COPY_PHASE_STRIP = NO;
				DEBUG_INFORMATION_FORMAT = "dwarf-with-dsym";
				ENABLE_NS_ASSERTIONS = NO;
				ENABLE_STRICT_OBJC_MSGSEND = YES;
				GCC_C_LANGUAGE_STANDARD = gnu11;
				GCC_NO_COMMON_BLOCKS = YES;
				GCC_WARN_64_TO_32_BIT_CONVERSION = YES;
				GCC_WARN_ABOUT_RETURN_TYPE = YES_ERROR;
				GCC_WARN_UNDECLARED_SELECTOR = YES;
				GCC_WARN_UNINITIALIZED_AUTOS = YES_AGGRESSIVE;
				GCC_WARN_UNUSED_FUNCTION = YES;
				GCC_WARN_UNUSED_VARIABLE = YES;
				IPHONEOS_DEPLOYMENT_TARGET = 13.5;
				MTL_ENABLE_DEBUG_INFO = NO;
				MTL_FAST_MATH = YES;
				SDKROOT = iphoneos;
				SWIFT_COMPILATION_MODE = wholemodule;
				SWIFT_OPTIMIZATION_LEVEL = "-O";
				VALIDATE_PRODUCT = YES;
			};
			name = Release;
		};
		49EFBB4724A2AA8D00D17FD2 /* Debug */ = {
			isa = XCBuildConfiguration;
			buildSettings = {
				ASSETCATALOG_COMPILER_APPICON_NAME = AppIcon;
				CODE_SIGN_STYLE = Automatic;
				DEVELOPMENT_TEAM = B8RGRFNQG6;
				INFOPLIST_FILE = Pomodoro/Info.plist;
				LD_RUNPATH_SEARCH_PATHS = (
					"$(inherited)",
					"@executable_path/Frameworks",
				);
				PRODUCT_BUNDLE_IDENTIFIER = com.danielFlores.Pomodoro;
				PRODUCT_NAME = "$(TARGET_NAME)";
				SWIFT_VERSION = 5.0;
				TARGETED_DEVICE_FAMILY = 1;
			};
			name = Debug;
		};
		49EFBB4824A2AA8D00D17FD2 /* Release */ = {
			isa = XCBuildConfiguration;
			buildSettings = {
				ASSETCATALOG_COMPILER_APPICON_NAME = AppIcon;
				CODE_SIGN_STYLE = Automatic;
				DEVELOPMENT_TEAM = B8RGRFNQG6;
				INFOPLIST_FILE = Pomodoro/Info.plist;
				LD_RUNPATH_SEARCH_PATHS = (
					"$(inherited)",
					"@executable_path/Frameworks",
				);
				PRODUCT_BUNDLE_IDENTIFIER = com.danielFlores.Pomodoro;
				PRODUCT_NAME = "$(TARGET_NAME)";
				SWIFT_VERSION = 5.0;
				TARGETED_DEVICE_FAMILY = 1;
			};
			name = Release;
		};
/* End XCBuildConfiguration section */

/* Begin XCConfigurationList section */
		49EFBB2D24A2AA8B00D17FD2 /* Build configuration list for PBXProject "Pomodoro" */ = {
			isa = XCConfigurationList;
			buildConfigurations = (
				49EFBB4424A2AA8D00D17FD2 /* Debug */,
				49EFBB4524A2AA8D00D17FD2 /* Release */,
			);
			defaultConfigurationIsVisible = 0;
			defaultConfigurationName = Release;
		};
		49EFBB4624A2AA8D00D17FD2 /* Build configuration list for PBXNativeTarget "Pomodoro" */ = {
			isa = XCConfigurationList;
			buildConfigurations = (
				49EFBB4724A2AA8D00D17FD2 /* Debug */,
				49EFBB4824A2AA8D00D17FD2 /* Release */,
			);
			defaultConfigurationIsVisible = 0;
			defaultConfigurationName = Release;
		};
/* End XCConfigurationList section */
	};
	rootObject = 49EFBB2A24A2AA8B00D17FD2 /* Project object */;
}
